PODS:
  - ORCharts (2.1.8):
    - ORCharts/Line (= 2.1.8)
    - ORCharts/Ring (= 2.1.8)
    - ORCharts/Util (= 2.1.8)
  - ORCharts/Line (2.1.8):
    - ORCharts/Util
  - ORCharts/Ring (2.1.8):
    - ORCharts/Util
  - ORCharts/Util (2.1.8)

DEPENDENCIES:
  - ORCharts (from `../`)

EXTERNAL SOURCES:
  ORCharts:
    :path: "../"

SPEC CHECKSUMS:
  ORCharts: af561ca7e1692178be3a5c8e68c667dabd971b04

PODFILE CHECKSUM: 0057098700d86256754ac16304da5bcea846ccfb

COCOAPODS: 1.10.1
